
Microsoft Visual Studio Solution File, Format Version 12.00
# Visual Studio Version 16
VisualStudioVersion = 16.0.30523.141
MinimumVisualStudioVersion = 10.0.40219.1
Project("{FAE04EC0-301F-11D3-BF4B-00C04F79EFBC}") = "MyBookLibrary", "MyBookLibrary\MyBookLibrary.csproj", "{89CF4011-7697-4513-86C5-64B8CF36221E}"
EndProject
Project("{FAE04EC0-301F-11D3-BF4B-00C04F79EFBC}") = "MyApp", "MyApp\MyApp.csproj", "{DC1EA95D-BD6B-4BF2-BD94-9D2E954A54EC}"
EndProject
Global
	GlobalSection(SolutionConfigurationPlatforms) = preSolution
		Debug|Any CPU = Debug|Any CPU
		Release|Any CPU = Release|Any CPU
	EndGlobalSection
	GlobalSection(ProjectConfigurationPlatforms) = postSolution
		{89CF4011-7697-4513-86C5-64B8CF36221E}.Debug|Any CPU.ActiveCfg = Debug|Any CPU
		{89CF4011-7697-4513-86C5-64B8CF36221E}.Debug|Any CPU.Build.0 = Debug|Any CPU
		{89CF4011-7697-4513-86C5-64B8CF36221E}.Release|Any CPU.ActiveCfg = Release|Any CPU
		{89CF4011-7697-4513-86C5-64B8CF36221E}.Release|Any CPU.Build.0 = Release|Any CPU
		{DC1EA95D-BD6B-4BF2-BD94-9D2E954A54EC}.Debug|Any CPU.ActiveCfg = Debug|Any CPU
		{DC1EA95D-BD6B-4BF2-BD94-9D2E954A54EC}.Debug|Any CPU.Build.0 = Debug|Any CPU
		{DC1EA95D-BD6B-4BF2-BD94-9D2E954A54EC}.Release|Any CPU.ActiveCfg = Release|Any CPU
		{DC1EA95D-BD6B-4BF2-BD94-9D2E954A54EC}.Release|Any CPU.Build.0 = Release|Any CPU
	EndGlobalSection
	GlobalSection(SolutionProperties) = preSolution
		HideSolutionNode = FALSE
	EndGlobalSection
	GlobalSection(ExtensibilityGlobals) = postSolution
		SolutionGuid = {E0004466-6C3B-483F-AAF2-656C2710A434}
	EndGlobalSection
EndGlobal
